// !$*UTF8*$!
{
	archiveVersion = 1;
	classes = {
	};
	objectVersion = 52;
	objects = {

/* Begin PBXBuildFile section */
		57933FE32608599C006338C0 /* NetflixApp.swift in Sources */ = {isa = PBXBuildFile; fileRef = 57933FE22608599C006338C0 /* NetflixApp.swift */; };
		57933FE52608599C006338C0 /* ContentView.swift in Sources */ = {isa = PBXBuildFile; fileRef = 57933FE42608599C006338C0 /* ContentView.swift */; };
		57933FE72608599D006338C0 /* Assets.xcassets in Resources */ = {isa = PBXBuildFile; fileRef = 57933FE62608599D006338C0 /* Assets.xcassets */; };
		57933FEA2608599D006338C0 /* Preview Assets.xcassets in Resources */ = {isa = PBXBuildFile; fileRef = 57933FE92608599D006338C0 /* Preview Assets.xcassets */; };
		57933FF326086951006338C0 /* HomeView.swift in Sources */ = {isa = PBXBuildFile; fileRef = 57933FF226086951006338C0 /* HomeView.swift */; };
		57933FF926086B9C006338C0 /* KingfisherSwiftUI in Frameworks */ = {isa = PBXBuildFile; productRef = 57933FF826086B9C006338C0 /* KingfisherSwiftUI */; };
		57933FFD26086BCD006338C0 /* Movie.swift in Sources */ = {isa = PBXBuildFile; fileRef = 57933FFC26086BCD006338C0 /* Movie.swift */; };
		5793400126086C30006338C0 /* StandardHomeView.swift in Sources */ = {isa = PBXBuildFile; fileRef = 5793400026086C30006338C0 /* StandardHomeView.swift */; };
		5793400526086C7E006338C0 /* GlobalHelpers.swift in Sources */ = {isa = PBXBuildFile; fileRef = 5793400426086C7E006338C0 /* GlobalHelpers.swift */; };
		5793400926086E67006338C0 /* HomeVM.swift in Sources */ = {isa = PBXBuildFile; fileRef = 5793400826086E67006338C0 /* HomeVM.swift */; };
		5793400E26088F0F006338C0 /* TopMoviePreview.swift in Sources */ = {isa = PBXBuildFile; fileRef = 5793400D26088F0F006338C0 /* TopMoviePreview.swift */; };
		5793401326098471006338C0 /* SmallVerticalButton.swift in Sources */ = {isa = PBXBuildFile; fileRef = 5793401226098471006338C0 /* SmallVerticalButton.swift */; };
/* End PBXBuildFile section */

/* Begin PBXFileReference section */
		57933FDF2608599C006338C0 /* Netflix.app */ = {isa = PBXFileReference; explicitFileType = wrapper.application; includeInIndex = 0; path = Netflix.app; sourceTree = BUILT_PRODUCTS_DIR; };
		57933FE22608599C006338C0 /* NetflixApp.swift */ = {isa = PBXFileReference; lastKnownFileType = sourcecode.swift; path = NetflixApp.swift; sourceTree = "<group>"; };
		57933FE42608599C006338C0 /* ContentView.swift */ = {isa = PBXFileReference; lastKnownFileType = sourcecode.swift; path = ContentView.swift; sourceTree = "<group>"; };
		57933FE62608599D006338C0 /* Assets.xcassets */ = {isa = PBXFileReference; lastKnownFileType = folder.assetcatalog; path = Assets.xcassets; sourceTree = "<group>"; };
		57933FE92608599D006338C0 /* Preview Assets.xcassets */ = {isa = PBXFileReference; lastKnownFileType = folder.assetcatalog; path = "Preview Assets.xcassets"; sourceTree = "<group>"; };
		57933FEB2608599D006338C0 /* Info.plist */ = {isa = PBXFileReference; lastKnownFileType = text.plist.xml; path = Info.plist; sourceTree = "<group>"; };
		57933FF226086951006338C0 /* HomeView.swift */ = {isa = PBXFileReference; lastKnownFileType = sourcecode.swift; path = HomeView.swift; sourceTree = "<group>"; };
		57933FFC26086BCD006338C0 /* Movie.swift */ = {isa = PBXFileReference; lastKnownFileType = sourcecode.swift; path = Movie.swift; sourceTree = "<group>"; };
		5793400026086C30006338C0 /* StandardHomeView.swift */ = {isa = PBXFileReference; lastKnownFileType = sourcecode.swift; path = StandardHomeView.swift; sourceTree = "<group>"; };
		5793400426086C7E006338C0 /* GlobalHelpers.swift */ = {isa = PBXFileReference; lastKnownFileType = sourcecode.swift; path = GlobalHelpers.swift; sourceTree = "<group>"; };
		5793400826086E67006338C0 /* HomeVM.swift */ = {isa = PBXFileReference; lastKnownFileType = sourcecode.swift; path = HomeVM.swift; sourceTree = "<group>"; };
		5793400D26088F0F006338C0 /* TopMoviePreview.swift */ = {isa = PBXFileReference; lastKnownFileType = sourcecode.swift; path = TopMoviePreview.swift; sourceTree = "<group>"; };
		5793401226098471006338C0 /* SmallVerticalButton.swift */ = {isa = PBXFileReference; lastKnownFileType = sourcecode.swift; path = SmallVerticalButton.swift; sourceTree = "<group>"; };
/* End PBXFileReference section */

/* Begin PBXFrameworksBuildPhase section */
		57933FDC2608599C006338C0 /* Frameworks */ = {
			isa = PBXFrameworksBuildPhase;
			buildActionMask = 2147483647;
			files = (
				57933FF926086B9C006338C0 /* KingfisherSwiftUI in Frameworks */,
			);
			runOnlyForDeploymentPostprocessing = 0;
		};
/* End PBXFrameworksBuildPhase section */

/* Begin PBXGroup section */
		57933FD62608599C006338C0 = {
			isa = PBXGroup;
			children = (
				57933FE12608599C006338C0 /* Netflix */,
				57933FE02608599C006338C0 /* Products */,
			);
			sourceTree = "<group>";
		};
		57933FE02608599C006338C0 /* Products */ = {
			isa = PBXGroup;
			children = (
				57933FDF2608599C006338C0 /* Netflix.app */,
			);
			name = Products;
			sourceTree = "<group>";
		};
		57933FE12608599C006338C0 /* Netflix */ = {
			isa = PBXGroup;
			children = (
				57933FE22608599C006338C0 /* NetflixApp.swift */,
				57933FE42608599C006338C0 /* ContentView.swift */,
				5793400326086C70006338C0 /* Helper */,
				57933FFB26086BBE006338C0 /* Model */,
				57933FF526086960006338C0 /* Home */,
				57933FE62608599D006338C0 /* Assets.xcassets */,
				57933FEB2608599D006338C0 /* Info.plist */,
				57933FE82608599D006338C0 /* Preview Content */,
			);
			path = Netflix;
			sourceTree = "<group>";
		};
		57933FE82608599D006338C0 /* Preview Content */ = {
			isa = PBXGroup;
			children = (
				57933FE92608599D006338C0 /* Preview Assets.xcassets */,
			);
			path = "Preview Content";
			sourceTree = "<group>";
		};
		57933FF526086960006338C0 /* Home */ = {
			isa = PBXGroup;
			children = (
				57933FF226086951006338C0 /* HomeView.swift */,
				5793400026086C30006338C0 /* StandardHomeView.swift */,
				5793400D26088F0F006338C0 /* TopMoviePreview.swift */,
				5793401226098471006338C0 /* SmallVerticalButton.swift */,
			);
			path = Home;
			sourceTree = "<group>";
		};
		57933FFB26086BBE006338C0 /* Model */ = {
			isa = PBXGroup;
			children = (
				57933FFC26086BCD006338C0 /* Movie.swift */,
				5793400826086E67006338C0 /* HomeVM.swift */,
			);
			path = Model;
			sourceTree = "<group>";
		};
		5793400326086C70006338C0 /* Helper */ = {
			isa = PBXGroup;
			children = (
				5793400426086C7E006338C0 /* GlobalHelpers.swift */,
			);
			path = Helper;
			sourceTree = "<group>";
		};
/* End PBXGroup section */

/* Begin PBXNativeTarget section */
		57933FDE2608599C006338C0 /* Netflix */ = {
			isa = PBXNativeTarget;
			buildConfigurationList = 57933FEE2608599D006338C0 /* Build configuration list for PBXNativeTarget "Netflix" */;
			buildPhases = (
				57933FDB2608599C006338C0 /* Sources */,
				57933FDC2608599C006338C0 /* Frameworks */,
				57933FDD2608599C006338C0 /* Resources */,
			);
			buildRules = (
			);
			dependencies = (
			);
			name = Netflix;
			packageProductDependencies = (
				57933FF826086B9C006338C0 /* KingfisherSwiftUI */,
			);
			productName = Netflix;
			productReference = 57933FDF2608599C006338C0 /* Netflix.app */;
			productType = "com.apple.product-type.application";
		};
/* End PBXNativeTarget section */

/* Begin PBXProject section */
		57933FD72608599C006338C0 /* Project object */ = {
			isa = PBXProject;
			attributes = {
				LastSwiftUpdateCheck = 1220;
				LastUpgradeCheck = 1220;
				TargetAttributes = {
					57933FDE2608599C006338C0 = {
						CreatedOnToolsVersion = 12.2;
					};
				};
			};
			buildConfigurationList = 57933FDA2608599C006338C0 /* Build configuration list for PBXProject "Netflix" */;
			compatibilityVersion = "Xcode 9.3";
			developmentRegion = en;
			hasScannedForEncodings = 0;
			knownRegions = (
				en,
				Base,
			);
			mainGroup = 57933FD62608599C006338C0;
			packageReferences = (
				57933FF726086B9C006338C0 /* XCRemoteSwiftPackageReference "Kingfisher" */,
			);
			productRefGroup = 57933FE02608599C006338C0 /* Products */;
			projectDirPath = "";
			projectRoot = "";
			targets = (
				57933FDE2608599C006338C0 /* Netflix */,
			);
		};
/* End PBXProject section */

/* Begin PBXResourcesBuildPhase section */
		57933FDD2608599C006338C0 /* Resources */ = {
			isa = PBXResourcesBuildPhase;
			buildActionMask = 2147483647;
			files = (
				57933FEA2608599D006338C0 /* Preview Assets.xcassets in Resources */,
				57933FE72608599D006338C0 /* Assets.xcassets in Resources */,
			);
			runOnlyForDeploymentPostprocessing = 0;
		};
/* End PBXResourcesBuildPhase section */

/* Begin PBXSourcesBuildPhase section */
		57933FDB2608599C006338C0 /* Sources */ = {
			isa = PBXSourcesBuildPhase;
			buildActionMask = 2147483647;
			files = (
				5793400526086C7E006338C0 /* GlobalHelpers.swift in Sources */,
				5793400126086C30006338C0 /* StandardHomeView.swift in Sources */,
				5793400926086E67006338C0 /* HomeVM.swift in Sources */,
				57933FF326086951006338C0 /* HomeView.swift in Sources */,
				57933FE52608599C006338C0 /* ContentView.swift in Sources */,
				5793400E26088F0F006338C0 /* TopMoviePreview.swift in Sources */,
				57933FFD26086BCD006338C0 /* Movie.swift in Sources */,
				57933FE32608599C006338C0 /* NetflixApp.swift in Sources */,
				5793401326098471006338C0 /* SmallVerticalButton.swift in Sources */,
			);
			runOnlyForDeploymentPostprocessing = 0;
		};
/* End PBXSourcesBuildPhase section */

/* Begin XCBuildConfiguration section */
		57933FEC2608599D006338C0 /* Debug */ = {
			isa = XCBuildConfiguration;
			buildSettings = {
				ALWAYS_SEARCH_USER_PATHS = NO;
				CLANG_ANALYZER_NONNULL = YES;
				CLANG_ANALYZER_NUMBER_OBJECT_CONVERSION = YES_AGGRESSIVE;
				CLANG_CXX_LANGUAGE_STANDARD = "gnu++14";
				CLANG_CXX_LIBRARY = "libc++";
				CLANG_ENABLE_MODULES = YES;
				CLANG_ENABLE_OBJC_ARC = YES;
				CLANG_ENABLE_OBJC_WEAK = YES;
				CLANG_WARN_BLOCK_CAPTURE_AUTORELEASING = YES;
				CLANG_WARN_BOOL_CONVERSION = YES;
				CLANG_WARN_COMMA = YES;
				CLANG_WARN_CONSTANT_CONVERSION = YES;
				CLANG_WARN_DEPRECATED_OBJC_IMPLEMENTATIONS = YES;
				CLANG_WARN_DIRECT_OBJC_ISA_USAGE = YES_ERROR;
				CLANG_WARN_DOCUMENTATION_COMMENTS = YES;
				CLANG_WARN_EMPTY_BODY = YES;
				CLANG_WARN_ENUM_CONVERSION = YES;
				CLANG_WARN_INFINITE_RECURSION = YES;
				CLANG_WARN_INT_CONVERSION = YES;
				CLANG_WARN_NON_LITERAL_NULL_CONVERSION = YES;
				CLANG_WARN_OBJC_IMPLICIT_RETAIN_SELF = YES;
				CLANG_WARN_OBJC_LITERAL_CONVERSION = YES;
				CLANG_WARN_OBJC_ROOT_CLASS = YES_ERROR;
				CLANG_WARN_QUOTED_INCLUDE_IN_FRAMEWORK_HEADER = YES;
				CLANG_WARN_RANGE_LOOP_ANALYSIS = YES;
				CLANG_WARN_STRICT_PROTOTYPES = YES;
				CLANG_WARN_SUSPICIOUS_MOVE = YES;
				CLANG_WARN_UNGUARDED_AVAILABILITY = YES_AGGRESSIVE;
				CLANG_WARN_UNREACHABLE_CODE = YES;
				CLANG_WARN__DUPLICATE_METHOD_MATCH = YES;
				COPY_PHASE_STRIP = NO;
				DEBUG_INFORMATION_FORMAT = dwarf;
				ENABLE_STRICT_OBJC_MSGSEND = YES;
				ENABLE_TESTABILITY = YES;
				GCC_C_LANGUAGE_STANDARD = gnu11;
				GCC_DYNAMIC_NO_PIC = NO;
				GCC_NO_COMMON_BLOCKS = YES;
				GCC_OPTIMIZATION_LEVEL = 0;
				GCC_PREPROCESSOR_DEFINITIONS = (
					"DEBUG=1",
					"$(inherited)",
				);
				GCC_WARN_64_TO_32_BIT_CONVERSION = YES;
				GCC_WARN_ABOUT_RETURN_TYPE = YES_ERROR;
				GCC_WARN_UNDECLARED_SELECTOR = YES;
				GCC_WARN_UNINITIALIZED_AUTOS = YES_AGGRESSIVE;
				GCC_WARN_UNUSED_FUNCTION = YES;
				GCC_WARN_UNUSED_VARIABLE = YES;
				IPHONEOS_DEPLOYMENT_TARGET = 14.2;
				MTL_ENABLE_DEBUG_INFO = INCLUDE_SOURCE;
				MTL_FAST_MATH = YES;
				ONLY_ACTIVE_ARCH = YES;
				SDKROOT = iphoneos;
				SWIFT_ACTIVE_COMPILATION_CONDITIONS = DEBUG;
				SWIFT_OPTIMIZATION_LEVEL = "-Onone";
			};
			name = Debug;
		};
		57933FED2608599D006338C0 /* Release */ = {
			isa = XCBuildConfiguration;
			buildSettings = {
				ALWAYS_SEARCH_USER_PATHS = NO;
				CLANG_ANALYZER_NONNULL = YES;
				CLANG_ANALYZER_NUMBER_OBJECT_CONVERSION = YES_AGGRESSIVE;
				CLANG_CXX_LANGUAGE_STANDARD = "gnu++14";
				CLANG_CXX_LIBRARY = "libc++";
				CLANG_ENABLE_MODULES = YES;
				CLANG_ENABLE_OBJC_ARC = YES;
				CLANG_ENABLE_OBJC_WEAK = YES;
				CLANG_WARN_BLOCK_CAPTURE_AUTORELEASING = YES;
				CLANG_WARN_BOOL_CONVERSION = YES;
				CLANG_WARN_COMMA = YES;
				CLANG_WARN_CONSTANT_CONVERSION = YES;
				CLANG_WARN_DEPRECATED_OBJC_IMPLEMENTATIONS = YES;
				CLANG_WARN_DIRECT_OBJC_ISA_USAGE = YES_ERROR;
				CLANG_WARN_DOCUMENTATION_COMMENTS = YES;
				CLANG_WARN_EMPTY_BODY = YES;
				CLANG_WARN_ENUM_CONVERSION = YES;
				CLANG_WARN_INFINITE_RECURSION = YES;
				CLANG_WARN_INT_CONVERSION = YES;
				CLANG_WARN_NON_LITERAL_NULL_CONVERSION = YES;
				CLANG_WARN_OBJC_IMPLICIT_RETAIN_SELF = YES;
				CLANG_WARN_OBJC_LITERAL_CONVERSION = YES;
				CLANG_WARN_OBJC_ROOT_CLASS = YES_ERROR;
				CLANG_WARN_QUOTED_INCLUDE_IN_FRAMEWORK_HEADER = YES;
				CLANG_WARN_RANGE_LOOP_ANALYSIS = YES;
				CLANG_WARN_STRICT_PROTOTYPES = YES;
				CLANG_WARN_SUSPICIOUS_MOVE = YES;
				CLANG_WARN_UNGUARDED_AVAILABILITY = YES_AGGRESSIVE;
				CLANG_WARN_UNREACHABLE_CODE = YES;
				CLANG_WARN__DUPLICATE_METHOD_MATCH = YES;
				COPY_PHASE_STRIP = NO;
				DEBUG_INFORMATION_FORMAT = "dwarf-with-dsym";
				ENABLE_NS_ASSERTIONS = NO;
				ENABLE_STRICT_OBJC_MSGSEND = YES;
				GCC_C_LANGUAGE_STANDARD = gnu11;
				GCC_NO_COMMON_BLOCKS = YES;
				GCC_WARN_64_TO_32_BIT_CONVERSION = YES;
				GCC_WARN_ABOUT_RETURN_TYPE = YES_ERROR;
				GCC_WARN_UNDECLARED_SELECTOR = YES;
				GCC_WARN_UNINITIALIZED_AUTOS = YES_AGGRESSIVE;
				GCC_WARN_UNUSED_FUNCTION = YES;
				GCC_WARN_UNUSED_VARIABLE = YES;
				IPHONEOS_DEPLOYMENT_TARGET = 14.2;
				MTL_ENABLE_DEBUG_INFO = NO;
				MTL_FAST_MATH = YES;
				SDKROOT = iphoneos;
				SWIFT_COMPILATION_MODE = wholemodule;
				SWIFT_OPTIMIZATION_LEVEL = "-O";
				VALIDATE_PRODUCT = YES;
			};
			name = Release;
		};
		57933FEF2608599D006338C0 /* Debug */ = {
			isa = XCBuildConfiguration;
			buildSettings = {
				ASSETCATALOG_COMPILER_APPICON_NAME = AppIcon;
				ASSETCATALOG_COMPILER_GLOBAL_ACCENT_COLOR_NAME = AccentColor;
				CODE_SIGN_STYLE = Automatic;
				DEVELOPMENT_ASSET_PATHS = "\"Netflix/Preview Content\"";
				ENABLE_PREVIEWS = YES;
				INFOPLIST_FILE = Netflix/Info.plist;
				IPHONEOS_DEPLOYMENT_TARGET = 14.0;
				LD_RUNPATH_SEARCH_PATHS = (
					"$(inherited)",
					"@executable_path/Frameworks",
				);
				PRODUCT_BUNDLE_IDENTIFIER = com.hongjuyeon.Netflix;
				PRODUCT_NAME = "$(TARGET_NAME)";
				SWIFT_VERSION = 5.0;
				TARGETED_DEVICE_FAMILY = "1,2";
			};
			name = Debug;
		};
		57933FF02608599D006338C0 /* Release */ = {
			isa = XCBuildConfiguration;
			buildSettings = {
				ASSETCATALOG_COMPILER_APPICON_NAME = AppIcon;
				ASSETCATALOG_COMPILER_GLOBAL_ACCENT_COLOR_NAME = AccentColor;
				CODE_SIGN_STYLE = Automatic;
				DEVELOPMENT_ASSET_PATHS = "\"Netflix/Preview Content\"";
				ENABLE_PREVIEWS = YES;
				INFOPLIST_FILE = Netflix/Info.plist;
				IPHONEOS_DEPLOYMENT_TARGET = 14.0;
				LD_RUNPATH_SEARCH_PATHS = (
					"$(inherited)",
					"@executable_path/Frameworks",
				);
				PRODUCT_BUNDLE_IDENTIFIER = com.hongjuyeon.Netflix;
				PRODUCT_NAME = "$(TARGET_NAME)";
				SWIFT_VERSION = 5.0;
				TARGETED_DEVICE_FAMILY = "1,2";
			};
			name = Release;
		};
/* End XCBuildConfiguration section */

/* Begin XCConfigurationList section */
		57933FDA2608599C006338C0 /* Build configuration list for PBXProject "Netflix" */ = {
			isa = XCConfigurationList;
			buildConfigurations = (
				57933FEC2608599D006338C0 /* Debug */,
				57933FED2608599D006338C0 /* Release */,
			);
			defaultConfigurationIsVisible = 0;
			defaultConfigurationName = Release;
		};
		57933FEE2608599D006338C0 /* Build configuration list for PBXNativeTarget "Netflix" */ = {
			isa = XCConfigurationList;
			buildConfigurations = (
				57933FEF2608599D006338C0 /* Debug */,
				57933FF02608599D006338C0 /* Release */,
			);
			defaultConfigurationIsVisible = 0;
			defaultConfigurationName = Release;
		};
/* End XCConfigurationList section */

/* Begin XCRemoteSwiftPackageReference section */
		57933FF726086B9C006338C0 /* XCRemoteSwiftPackageReference "Kingfisher" */ = {
			isa = XCRemoteSwiftPackageReference;
			repositoryURL = "https://github.com/onevcat/Kingfisher";
			requirement = {
				kind = upToNextMajorVersion;
				minimumVersion = 5.14.1;
			};
		};
/* End XCRemoteSwiftPackageReference section */

/* Begin XCSwiftPackageProductDependency section */
		57933FF826086B9C006338C0 /* KingfisherSwiftUI */ = {
			isa = XCSwiftPackageProductDependency;
			package = 57933FF726086B9C006338C0 /* XCRemoteSwiftPackageReference "Kingfisher" */;
			productName = KingfisherSwiftUI;
		};
/* End XCSwiftPackageProductDependency section */
	};
	rootObject = 57933FD72608599C006338C0 /* Project object */;
}
